
Microsoft Visual Studio Solution File, Format Version 12.00
# Visual Studio Version 16
VisualStudioVersion = 16.0.30717.126
MinimumVisualStudioVersion = 10.0.40219.1
Project("{9A19103F-16F7-4668-BE54-9A1E7A4F7556}") = "m183-shovel-knight-security", "m183-shovel-knight-security.csproj", "{D952739E-F361-48AF-8186-02FB09CFACD7}"
EndProject
Project("{E53339B2-1760-4266-BCC7-CA923CBCF16C}") = "docker-compose", "docker-compose.dcproj", "{353E2960-C5F5-4ABD-834C-FC58C1153D74}"
EndProject
Global
	GlobalSection(SolutionConfigurationPlatforms) = preSolution
		Debug|Any CPU = Debug|Any CPU
		Release|Any CPU = Release|Any CPU
	EndGlobalSection
	GlobalSection(ProjectConfigurationPlatforms) = postSolution
		{D952739E-F361-48AF-8186-02FB09CFACD7}.Debug|Any CPU.ActiveCfg = Debug|Any CPU
		{D952739E-F361-48AF-8186-02FB09CFACD7}.Debug|Any CPU.Build.0 = Debug|Any CPU
		{D952739E-F361-48AF-8186-02FB09CFACD7}.Release|Any CPU.ActiveCfg = Release|Any CPU
		{D952739E-F361-48AF-8186-02FB09CFACD7}.Release|Any CPU.Build.0 = Release|Any CPU
		{353E2960-C5F5-4ABD-834C-FC58C1153D74}.Debug|Any CPU.ActiveCfg = Debug|Any CPU
		{353E2960-C5F5-4ABD-834C-FC58C1153D74}.Debug|Any CPU.Build.0 = Debug|Any CPU
		{353E2960-C5F5-4ABD-834C-FC58C1153D74}.Release|Any CPU.ActiveCfg = Release|Any CPU
		{353E2960-C5F5-4ABD-834C-FC58C1153D74}.Release|Any CPU.Build.0 = Release|Any CPU
	EndGlobalSection
	GlobalSection(SolutionProperties) = preSolution
		HideSolutionNode = FALSE
	EndGlobalSection
	GlobalSection(ExtensibilityGlobals) = postSolution
		SolutionGuid = {E5761A53-47C7-400D-BF93-8B41E0D46276}
	EndGlobalSection
EndGlobal
